
Microsoft Visual Studio Solution File, Format Version 12.00
# Visual Studio Version 16
VisualStudioVersion = 16.0.30204.135
MinimumVisualStudioVersion = 10.0.40219.1
Project("{FAE04EC0-301F-11D3-BF4B-00C04F79EFBC}") = "EdDbApplication", "EdDbApplication\EdDbApplication.csproj", "{BCDA3746-79BD-4469-8CAA-621BF1552D0F}"
EndProject
Project("{FAE04EC0-301F-11D3-BF4B-00C04F79EFBC}") = "EdDbLib", "EdDbLib\EdDbLib.csproj", "{ABF1B1FA-F4F7-4F95-A038-B16469EC2F49}"
EndProject
Global
	GlobalSection(SolutionConfigurationPlatforms) = preSolution
		Debug|Any CPU = Debug|Any CPU
		Release|Any CPU = Release|Any CPU
	EndGlobalSection
	GlobalSection(ProjectConfigurationPlatforms) = postSolution
		{BCDA3746-79BD-4469-8CAA-621BF1552D0F}.Debug|Any CPU.ActiveCfg = Debug|Any CPU
		{BCDA3746-79BD-4469-8CAA-621BF1552D0F}.Debug|Any CPU.Build.0 = Debug|Any CPU
		{BCDA3746-79BD-4469-8CAA-621BF1552D0F}.Release|Any CPU.ActiveCfg = Release|Any CPU
		{BCDA3746-79BD-4469-8CAA-621BF1552D0F}.Release|Any CPU.Build.0 = Release|Any CPU
		{ABF1B1FA-F4F7-4F95-A038-B16469EC2F49}.Debug|Any CPU.ActiveCfg = Debug|Any CPU
		{ABF1B1FA-F4F7-4F95-A038-B16469EC2F49}.Debug|Any CPU.Build.0 = Debug|Any CPU
		{ABF1B1FA-F4F7-4F95-A038-B16469EC2F49}.Release|Any CPU.ActiveCfg = Release|Any CPU
		{ABF1B1FA-F4F7-4F95-A038-B16469EC2F49}.Release|Any CPU.Build.0 = Release|Any CPU
	EndGlobalSection
	GlobalSection(SolutionProperties) = preSolution
		HideSolutionNode = FALSE
	EndGlobalSection
	GlobalSection(ExtensibilityGlobals) = postSolution
		SolutionGuid = {C26C77BE-474A-4464-8B07-966284F5D9C4}
	EndGlobalSection
EndGlobal
